
Microsoft Visual Studio Solution File, Format Version 12.00
# Visual Studio 2013
VisualStudioVersion = 12.0.21005.1
MinimumVisualStudioVersion = 10.0.40219.1
Project("{2150E333-8FDC-42A3-9474-1A3956D46DE8}") = "Common", "Common", "{391CD1CF-F020-4467-91C4-D89FA3398529}"
EndProject
Project("{2150E333-8FDC-42A3-9474-1A3956D46DE8}") = "Web", "Web", "{4880AA36-C914-43BF-AFB7-E5B02DBCBB82}"
EndProject
Project("{2150E333-8FDC-42A3-9474-1A3956D46DE8}") = "Clients", "Clients", "{C278FE3A-B801-4DAB-A676-01CFF18EEA89}"
EndProject
Project("{2150E333-8FDC-42A3-9474-1A3956D46DE8}") = "Data", "Data", "{195CA63B-88F4-49B9-9A22-AB72AB6326F6}"
EndProject
Project("{2150E333-8FDC-42A3-9474-1A3956D46DE8}") = "Assets", "Assets", "{F774BD93-1C57-4B83-8AD8-1AE38A235444}"
EndProject
Project("{FAE04EC0-301F-11D3-BF4B-00C04F79EFBC}") = "MatchLogger", "MWArena\Clients\MWAMatchLogger\MatchLogger.csproj", "{8792DAF6-F69E-4A39-BA64-FB87BA36745B}"
EndProject
Project("{FAE04EC0-301F-11D3-BF4B-00C04F79EFBC}") = "MWAMatchLoggerTester", "MWArena\Clients\MWAMatchLoggerTester\MWAMatchLoggerTester.csproj", "{FAF945A8-760A-4E6B-9FA5-7E67834606F8}"
EndProject
Project("{FAE04EC0-301F-11D3-BF4B-00C04F79EFBC}") = "MWAMatchLoggerTests", "MWArena\Clients\MWAMatchLoggerTests\MWAMatchLoggerTests.csproj", "{19629E7C-0A72-4952-A02C-7BF0C8E8D83D}"
EndProject
Project("{FAE04EC0-301F-11D3-BF4B-00C04F79EFBC}") = "MWA.Models", "MWArena\Common\MWA.Models\MWA.Models.csproj", "{A1AC9371-0A78-4108-8171-6C02740148CC}"
EndProject
Project("{FAE04EC0-301F-11D3-BF4B-00C04F79EFBC}") = "MWArenaWeb", "MWArena\Web\MWArenaWeb\MWArenaWeb.csproj", "{1BD9DA48-40E2-422D-92E2-BACDA76FCAB3}"
EndProject
Project("{FAE04EC0-301F-11D3-BF4B-00C04F79EFBC}") = "MWArenaWeb.Tests", "MWArena\Web\MWArenaWeb.Tests\MWArenaWeb.Tests.csproj", "{726464C2-0DAB-46AA-957D-E0994741E927}"
EndProject
Global
	GlobalSection(SolutionConfigurationPlatforms) = preSolution
		Debug|Any CPU = Debug|Any CPU
		Release|Any CPU = Release|Any CPU
	EndGlobalSection
	GlobalSection(ProjectConfigurationPlatforms) = postSolution
		{8792DAF6-F69E-4A39-BA64-FB87BA36745B}.Debug|Any CPU.ActiveCfg = Debug|Any CPU
		{8792DAF6-F69E-4A39-BA64-FB87BA36745B}.Debug|Any CPU.Build.0 = Debug|Any CPU
		{8792DAF6-F69E-4A39-BA64-FB87BA36745B}.Release|Any CPU.ActiveCfg = Release|Any CPU
		{8792DAF6-F69E-4A39-BA64-FB87BA36745B}.Release|Any CPU.Build.0 = Release|Any CPU
		{FAF945A8-760A-4E6B-9FA5-7E67834606F8}.Debug|Any CPU.ActiveCfg = Debug|Any CPU
		{FAF945A8-760A-4E6B-9FA5-7E67834606F8}.Debug|Any CPU.Build.0 = Debug|Any CPU
		{FAF945A8-760A-4E6B-9FA5-7E67834606F8}.Release|Any CPU.ActiveCfg = Release|Any CPU
		{FAF945A8-760A-4E6B-9FA5-7E67834606F8}.Release|Any CPU.Build.0 = Release|Any CPU
		{19629E7C-0A72-4952-A02C-7BF0C8E8D83D}.Debug|Any CPU.ActiveCfg = Debug|Any CPU
		{19629E7C-0A72-4952-A02C-7BF0C8E8D83D}.Debug|Any CPU.Build.0 = Debug|Any CPU
		{19629E7C-0A72-4952-A02C-7BF0C8E8D83D}.Release|Any CPU.ActiveCfg = Release|Any CPU
		{19629E7C-0A72-4952-A02C-7BF0C8E8D83D}.Release|Any CPU.Build.0 = Release|Any CPU
		{A1AC9371-0A78-4108-8171-6C02740148CC}.Debug|Any CPU.ActiveCfg = Debug|Any CPU
		{A1AC9371-0A78-4108-8171-6C02740148CC}.Debug|Any CPU.Build.0 = Debug|Any CPU
		{A1AC9371-0A78-4108-8171-6C02740148CC}.Release|Any CPU.ActiveCfg = Release|Any CPU
		{A1AC9371-0A78-4108-8171-6C02740148CC}.Release|Any CPU.Build.0 = Release|Any CPU
		{1BD9DA48-40E2-422D-92E2-BACDA76FCAB3}.Debug|Any CPU.ActiveCfg = Debug|Any CPU
		{1BD9DA48-40E2-422D-92E2-BACDA76FCAB3}.Debug|Any CPU.Build.0 = Debug|Any CPU
		{1BD9DA48-40E2-422D-92E2-BACDA76FCAB3}.Release|Any CPU.ActiveCfg = Release|Any CPU
		{1BD9DA48-40E2-422D-92E2-BACDA76FCAB3}.Release|Any CPU.Build.0 = Release|Any CPU
		{726464C2-0DAB-46AA-957D-E0994741E927}.Debug|Any CPU.ActiveCfg = Debug|Any CPU
		{726464C2-0DAB-46AA-957D-E0994741E927}.Debug|Any CPU.Build.0 = Debug|Any CPU
		{726464C2-0DAB-46AA-957D-E0994741E927}.Release|Any CPU.ActiveCfg = Release|Any CPU
		{726464C2-0DAB-46AA-957D-E0994741E927}.Release|Any CPU.Build.0 = Release|Any CPU
	EndGlobalSection
	GlobalSection(SolutionProperties) = preSolution
		HideSolutionNode = FALSE
	EndGlobalSection
	GlobalSection(NestedProjects) = preSolution
		{A1AC9371-0A78-4108-8171-6C02740148CC} = {391CD1CF-F020-4467-91C4-D89FA3398529}
		{1BD9DA48-40E2-422D-92E2-BACDA76FCAB3} = {4880AA36-C914-43BF-AFB7-E5B02DBCBB82}
		{726464C2-0DAB-46AA-957D-E0994741E927} = {4880AA36-C914-43BF-AFB7-E5B02DBCBB82}
		{8792DAF6-F69E-4A39-BA64-FB87BA36745B} = {C278FE3A-B801-4DAB-A676-01CFF18EEA89}
		{FAF945A8-760A-4E6B-9FA5-7E67834606F8} = {C278FE3A-B801-4DAB-A676-01CFF18EEA89}
		{19629E7C-0A72-4952-A02C-7BF0C8E8D83D} = {C278FE3A-B801-4DAB-A676-01CFF18EEA89}
	EndGlobalSection
EndGlobal
