
Microsoft Visual Studio Solution File, Format Version 12.00
# Visual Studio 2013
VisualStudioVersion = 12.0.21005.1
MinimumVisualStudioVersion = 10.0.40219.1
Project("{2150E333-8FDC-42A3-9474-1A3956D46DE8}") = "Common", "Common", "{391CD1CF-F020-4467-91C4-D89FA3398529}"
EndProject
Project("{2150E333-8FDC-42A3-9474-1A3956D46DE8}") = "Web", "Web", "{4880AA36-C914-43BF-AFB7-E5B02DBCBB82}"
EndProject
Project("{2150E333-8FDC-42A3-9474-1A3956D46DE8}") = "Clients", "Clients", "{C278FE3A-B801-4DAB-A676-01CFF18EEA89}"
EndProject
Project("{2150E333-8FDC-42A3-9474-1A3956D46DE8}") = "Data", "Data", "{195CA63B-88F4-49B9-9A22-AB72AB6326F6}"
EndProject
Project("{2150E333-8FDC-42A3-9474-1A3956D46DE8}") = "Assets", "Assets", "{F774BD93-1C57-4B83-8AD8-1AE38A235444}"
EndProject
Project("{FAE04EC0-301F-11D3-BF4B-00C04F79EFBC}") = "MatchLogger", "MWArena\Clients\MWAMatchLogger\MatchLogger.csproj", "{8792DAF6-F69E-4A39-BA64-FB87BA36745B}"
EndProject
Project("{FAE04EC0-301F-11D3-BF4B-00C04F79EFBC}") = "MWAMatchLoggerTests", "MWArena\Clients\MWAMatchLoggerTests\MWAMatchLoggerTests.csproj", "{19629E7C-0A72-4952-A02C-7BF0C8E8D83D}"
EndProject
Project("{FAE04EC0-301F-11D3-BF4B-00C04F79EFBC}") = "MWA.Models", "MWArena\Common\MWA.Models\MWA.Models.csproj", "{A1AC9371-0A78-4108-8171-6C02740148CC}"
EndProject
Project("{FAE04EC0-301F-11D3-BF4B-00C04F79EFBC}") = "MWArenaWeb", "MWArena\Web\MWArenaWeb\MWArenaWeb.csproj", "{1BD9DA48-40E2-422D-92E2-BACDA76FCAB3}"
EndProject
Project("{FAE04EC0-301F-11D3-BF4B-00C04F79EFBC}") = "MWArenaWeb.Tests", "MWArena\Web\MWArenaWeb.Tests\MWArenaWeb.Tests.csproj", "{726464C2-0DAB-46AA-957D-E0994741E927}"
EndProject
Project("{2150E333-8FDC-42A3-9474-1A3956D46DE8}") = "Icons", "Icons", "{0EA1F47C-5BCC-43AA-B262-4239CD4CC76A}"
	ProjectSection(SolutionItems) = preProject
		MWArena\Assets\Icons\MWAML.ico = MWArena\Assets\Icons\MWAML.ico
		MWArena\Assets\Icons\settings.ico = MWArena\Assets\Icons\settings.ico
	EndProjectSection
EndProject
Project("{FAE04EC0-301F-11D3-BF4B-00C04F79EFBC}") = "MWOverlay", "MWArena\Clients\MwoArenaOverlay\MWOverlay.csproj", "{B4902775-731E-4C56-BBD4-F156FE0BFFF7}"
EndProject
Project("{FAE04EC0-301F-11D3-BF4B-00C04F79EFBC}") = "MWAMatchLoggerTester", "MWArena\Clients\MWAMatchLoggerTester\MWAMatchLoggerTester.csproj", "{FAF945A8-760A-4E6B-9FA5-7E67834606F8}"
EndProject
Project("{FAE04EC0-301F-11D3-BF4B-00C04F79EFBC}") = "ExpArenaModel", "ExpArenaModel\ExpArenaModel.csproj", "{D849C485-1AB8-40BD-BF3C-70A9B3F37690}"
EndProject
Project("{FAE04EC0-301F-11D3-BF4B-00C04F79EFBC}") = "MWApis", "MWApis\MWApis.csproj", "{D43DAE07-4A8D-4C6C-9FA2-24488BB4B7A2}"
EndProject
Project("{FAE04EC0-301F-11D3-BF4B-00C04F79EFBC}") = "MWA.Web", "MWArena\Web\MWA.Web\MWA.Web.csproj", "{0684C858-9B3B-4133-8319-9B93864BFA79}"
EndProject
Project("{FAE04EC0-301F-11D3-BF4B-00C04F79EFBC}") = "MWA.Integration", "MWArena\Common\MWA.Integration\MWA.Integration.csproj", "{4064B82B-98E5-48F9-A142-5CC6FF310D14}"
EndProject
Global
	GlobalSection(SolutionConfigurationPlatforms) = preSolution
		Debug|Any CPU = Debug|Any CPU
		Release|Any CPU = Release|Any CPU
	EndGlobalSection
	GlobalSection(ProjectConfigurationPlatforms) = postSolution
		{8792DAF6-F69E-4A39-BA64-FB87BA36745B}.Debug|Any CPU.ActiveCfg = Debug|Any CPU
		{8792DAF6-F69E-4A39-BA64-FB87BA36745B}.Debug|Any CPU.Build.0 = Debug|Any CPU
		{8792DAF6-F69E-4A39-BA64-FB87BA36745B}.Release|Any CPU.ActiveCfg = Release|Any CPU
		{8792DAF6-F69E-4A39-BA64-FB87BA36745B}.Release|Any CPU.Build.0 = Release|Any CPU
		{19629E7C-0A72-4952-A02C-7BF0C8E8D83D}.Debug|Any CPU.ActiveCfg = Debug|Any CPU
		{19629E7C-0A72-4952-A02C-7BF0C8E8D83D}.Debug|Any CPU.Build.0 = Debug|Any CPU
		{19629E7C-0A72-4952-A02C-7BF0C8E8D83D}.Release|Any CPU.ActiveCfg = Release|Any CPU
		{19629E7C-0A72-4952-A02C-7BF0C8E8D83D}.Release|Any CPU.Build.0 = Release|Any CPU
		{A1AC9371-0A78-4108-8171-6C02740148CC}.Debug|Any CPU.ActiveCfg = Debug|Any CPU
		{A1AC9371-0A78-4108-8171-6C02740148CC}.Debug|Any CPU.Build.0 = Debug|Any CPU
		{A1AC9371-0A78-4108-8171-6C02740148CC}.Release|Any CPU.ActiveCfg = Release|Any CPU
		{A1AC9371-0A78-4108-8171-6C02740148CC}.Release|Any CPU.Build.0 = Release|Any CPU
		{1BD9DA48-40E2-422D-92E2-BACDA76FCAB3}.Debug|Any CPU.ActiveCfg = Debug|Any CPU
		{1BD9DA48-40E2-422D-92E2-BACDA76FCAB3}.Debug|Any CPU.Build.0 = Debug|Any CPU
		{1BD9DA48-40E2-422D-92E2-BACDA76FCAB3}.Release|Any CPU.ActiveCfg = Release|Any CPU
		{1BD9DA48-40E2-422D-92E2-BACDA76FCAB3}.Release|Any CPU.Build.0 = Release|Any CPU
		{726464C2-0DAB-46AA-957D-E0994741E927}.Debug|Any CPU.ActiveCfg = Debug|Any CPU
		{726464C2-0DAB-46AA-957D-E0994741E927}.Debug|Any CPU.Build.0 = Debug|Any CPU
		{726464C2-0DAB-46AA-957D-E0994741E927}.Release|Any CPU.ActiveCfg = Release|Any CPU
		{726464C2-0DAB-46AA-957D-E0994741E927}.Release|Any CPU.Build.0 = Release|Any CPU
		{B4902775-731E-4C56-BBD4-F156FE0BFFF7}.Debug|Any CPU.ActiveCfg = Debug|Any CPU
		{B4902775-731E-4C56-BBD4-F156FE0BFFF7}.Debug|Any CPU.Build.0 = Debug|Any CPU
		{B4902775-731E-4C56-BBD4-F156FE0BFFF7}.Release|Any CPU.ActiveCfg = Release|Any CPU
		{B4902775-731E-4C56-BBD4-F156FE0BFFF7}.Release|Any CPU.Build.0 = Release|Any CPU
		{FAF945A8-760A-4E6B-9FA5-7E67834606F8}.Debug|Any CPU.ActiveCfg = Debug|Any CPU
		{FAF945A8-760A-4E6B-9FA5-7E67834606F8}.Debug|Any CPU.Build.0 = Debug|Any CPU
		{FAF945A8-760A-4E6B-9FA5-7E67834606F8}.Release|Any CPU.ActiveCfg = Release|Any CPU
		{FAF945A8-760A-4E6B-9FA5-7E67834606F8}.Release|Any CPU.Build.0 = Release|Any CPU
		{D849C485-1AB8-40BD-BF3C-70A9B3F37690}.Debug|Any CPU.ActiveCfg = Debug|Any CPU
		{D849C485-1AB8-40BD-BF3C-70A9B3F37690}.Debug|Any CPU.Build.0 = Debug|Any CPU
		{D849C485-1AB8-40BD-BF3C-70A9B3F37690}.Release|Any CPU.ActiveCfg = Release|Any CPU
		{D849C485-1AB8-40BD-BF3C-70A9B3F37690}.Release|Any CPU.Build.0 = Release|Any CPU
		{D43DAE07-4A8D-4C6C-9FA2-24488BB4B7A2}.Debug|Any CPU.ActiveCfg = Debug|Any CPU
		{D43DAE07-4A8D-4C6C-9FA2-24488BB4B7A2}.Debug|Any CPU.Build.0 = Debug|Any CPU
		{D43DAE07-4A8D-4C6C-9FA2-24488BB4B7A2}.Release|Any CPU.ActiveCfg = Release|Any CPU
		{D43DAE07-4A8D-4C6C-9FA2-24488BB4B7A2}.Release|Any CPU.Build.0 = Release|Any CPU
		{0684C858-9B3B-4133-8319-9B93864BFA79}.Debug|Any CPU.ActiveCfg = Debug|Any CPU
		{0684C858-9B3B-4133-8319-9B93864BFA79}.Debug|Any CPU.Build.0 = Debug|Any CPU
		{0684C858-9B3B-4133-8319-9B93864BFA79}.Release|Any CPU.ActiveCfg = Release|Any CPU
		{0684C858-9B3B-4133-8319-9B93864BFA79}.Release|Any CPU.Build.0 = Release|Any CPU
		{4064B82B-98E5-48F9-A142-5CC6FF310D14}.Debug|Any CPU.ActiveCfg = Debug|Any CPU
		{4064B82B-98E5-48F9-A142-5CC6FF310D14}.Debug|Any CPU.Build.0 = Debug|Any CPU
		{4064B82B-98E5-48F9-A142-5CC6FF310D14}.Release|Any CPU.ActiveCfg = Release|Any CPU
		{4064B82B-98E5-48F9-A142-5CC6FF310D14}.Release|Any CPU.Build.0 = Release|Any CPU
	EndGlobalSection
	GlobalSection(SolutionProperties) = preSolution
		HideSolutionNode = FALSE
	EndGlobalSection
	GlobalSection(NestedProjects) = preSolution
		{A1AC9371-0A78-4108-8171-6C02740148CC} = {391CD1CF-F020-4467-91C4-D89FA3398529}
		{4064B82B-98E5-48F9-A142-5CC6FF310D14} = {391CD1CF-F020-4467-91C4-D89FA3398529}
		{195CA63B-88F4-49B9-9A22-AB72AB6326F6} = {4880AA36-C914-43BF-AFB7-E5B02DBCBB82}
		{1BD9DA48-40E2-422D-92E2-BACDA76FCAB3} = {4880AA36-C914-43BF-AFB7-E5B02DBCBB82}
		{726464C2-0DAB-46AA-957D-E0994741E927} = {4880AA36-C914-43BF-AFB7-E5B02DBCBB82}
		{D43DAE07-4A8D-4C6C-9FA2-24488BB4B7A2} = {4880AA36-C914-43BF-AFB7-E5B02DBCBB82}
		{0684C858-9B3B-4133-8319-9B93864BFA79} = {4880AA36-C914-43BF-AFB7-E5B02DBCBB82}
		{8792DAF6-F69E-4A39-BA64-FB87BA36745B} = {C278FE3A-B801-4DAB-A676-01CFF18EEA89}
		{19629E7C-0A72-4952-A02C-7BF0C8E8D83D} = {C278FE3A-B801-4DAB-A676-01CFF18EEA89}
		{B4902775-731E-4C56-BBD4-F156FE0BFFF7} = {C278FE3A-B801-4DAB-A676-01CFF18EEA89}
		{FAF945A8-760A-4E6B-9FA5-7E67834606F8} = {C278FE3A-B801-4DAB-A676-01CFF18EEA89}
		{0EA1F47C-5BCC-43AA-B262-4239CD4CC76A} = {F774BD93-1C57-4B83-8AD8-1AE38A235444}
	EndGlobalSection
EndGlobal
